
Microsoft Visual Studio Solution File, Format Version 12.00
# Visual Studio Version 17
VisualStudioVersion = 17.8.34330.188
MinimumVisualStudioVersion = 10.0.40219.1
Project("{FAE04EC0-301F-11D3-BF4B-00C04F79EFBC}") = "RestWithASPNETUdemy", "RestWithASPNETUdemy\RestWithASPNETUdemy.csproj", "{24813443-022A-42C8-8D5F-958E6CF869ED}"
EndProject
Global
	GlobalSection(SolutionConfigurationPlatforms) = preSolution
		Debug|Any CPU = Debug|Any CPU
		Release|Any CPU = Release|Any CPU
	EndGlobalSection
	GlobalSection(ProjectConfigurationPlatforms) = postSolution
		{24813443-022A-42C8-8D5F-958E6CF869ED}.Debug|Any CPU.ActiveCfg = Debug|Any CPU
		{24813443-022A-42C8-8D5F-958E6CF869ED}.Debug|Any CPU.Build.0 = Debug|Any CPU
		{24813443-022A-42C8-8D5F-958E6CF869ED}.Release|Any CPU.ActiveCfg = Release|Any CPU
		{24813443-022A-42C8-8D5F-958E6CF869ED}.Release|Any CPU.Build.0 = Release|Any CPU
	EndGlobalSection
	GlobalSection(SolutionProperties) = preSolution
		HideSolutionNode = FALSE
	EndGlobalSection
	GlobalSection(ExtensibilityGlobals) = postSolution
		SolutionGuid = {64082E46-0C7B-49E4-915B-7E8AFF769DB7}
	EndGlobalSection
EndGlobal
