
Microsoft Visual Studio Solution File, Format Version 12.00
# Visual Studio Version 17
VisualStudioVersion = 17.8.34330.188
MinimumVisualStudioVersion = 10.0.40219.1
Project("{FAE04EC0-301F-11D3-BF4B-00C04F79EFBC}") = "RestWithASPNETUdemy", "RestWithASPNETUdemy\RestWithASPNETUdemy.csproj", "{01EE054C-40B2-459E-8330-7E32AB7220F5}"
EndProject
Global
	GlobalSection(SolutionConfigurationPlatforms) = preSolution
		Debug|Any CPU = Debug|Any CPU
		Release|Any CPU = Release|Any CPU
	EndGlobalSection
	GlobalSection(ProjectConfigurationPlatforms) = postSolution
		{01EE054C-40B2-459E-8330-7E32AB7220F5}.Debug|Any CPU.ActiveCfg = Debug|Any CPU
		{01EE054C-40B2-459E-8330-7E32AB7220F5}.Debug|Any CPU.Build.0 = Debug|Any CPU
		{01EE054C-40B2-459E-8330-7E32AB7220F5}.Release|Any CPU.ActiveCfg = Release|Any CPU
		{01EE054C-40B2-459E-8330-7E32AB7220F5}.Release|Any CPU.Build.0 = Release|Any CPU
	EndGlobalSection
	GlobalSection(SolutionProperties) = preSolution
		HideSolutionNode = FALSE
	EndGlobalSection
	GlobalSection(ExtensibilityGlobals) = postSolution
		SolutionGuid = {CE02B0BB-23CC-49F6-8B01-3A992C34B81F}
	EndGlobalSection
EndGlobal
